%{"arc": {:hex, :arc, "0.5.3", "2bc1b4ce8c1064ae12015f5612f3e3853d354859905bb34088b3579bf34a519d", [:mix], [{:ex_aws, "~> 0.4.10 or ~> 0.5.0", [hex: :ex_aws, optional: true]}, {:httpoison, "~> 0.7", [hex: :httpoison, optional: true]}, {:poison, "~> 1.2 or ~> 2.0", [hex: :poison, optional: true]}]},
  "arc_ecto": {:hex, :arc_ecto, "0.4.4", "2ea481a546ceb79090e90984de1a423a1a8a04fe78c871ab05b09f1dffcf9e35", [:mix], [{:arc, "~> 0.5.3", [hex: :arc, optional: false]}, {:ecto, "~> 2.0", [hex: :ecto, optional: false]}]},
  "bamboo": {:hex, :bamboo, "0.6.0", "a8f3775018fcf0c181d2e5df0138b15201bdbe54b3cb502489c1dda2ef4a7388", [:mix], [{:httpoison, "~> 0.8", [hex: :httpoison, optional: false]}, {:plug, "~> 1.0", [hex: :plug, optional: false]}, {:poison, ">= 1.5.0", [hex: :poison, optional: false]}]},
  "bamboo_smtp": {:hex, :bamboo_smtp, "1.1.0", "749c4219542c8f8ee1ae150f83cb9dcb4f6cb74997ac0018a27a2a0ee0bd386c", [:mix], [{:bamboo, "~> 0.6.0", [hex: :bamboo, optional: false]}, {:gen_smtp, "~> 0.11.0", [hex: :gen_smtp, optional: false]}]},
  "certifi": {:hex, :certifi, "0.4.0", "a7966efb868b179023618d29a407548f70c52466bf1849b9e8ebd0e34b7ea11f", [:rebar3], []},
  "combine": {:hex, :combine, "0.9.2", "cd3c8721f378ebe032487d8a4fa2ced3181a456a3c21b16464da8c46904bb552", [:mix], []},
  "connection": {:hex, :connection, "1.0.4", "a1cae72211f0eef17705aaededacac3eb30e6625b04a6117c1b2db6ace7d5976", [:mix], []},
  "cowboy": {:hex, :cowboy, "1.0.4", "a324a8df9f2316c833a470d918aaf73ae894278b8aa6226ce7a9bf699388f878", [:make, :rebar], [{:cowlib, "~> 1.0.0", [hex: :cowlib, optional: false]}, {:ranch, "~> 1.0", [hex: :ranch, optional: false]}]},
  "cowlib": {:hex, :cowlib, "1.0.2", "9d769a1d062c9c3ac753096f868ca121e2730b9a377de23dec0f7e08b1df84ee", [:make], []},
  "db_connection": {:hex, :db_connection, "1.0.0-rc.5", "1d9ab6e01387bdf2de7a16c56866971f7c2f75aea7c69cae2a0346e4b537ae0d", [:mix], [{:connection, "~> 1.0.2", [hex: :connection, optional: false]}, {:poolboy, "~> 1.5", [hex: :poolboy, optional: true]}, {:sbroker, "~> 1.0.0-beta.3", [hex: :sbroker, optional: true]}]},
  "decimal": {:hex, :decimal, "1.1.2", "79a769d4657b2d537b51ef3c02d29ab7141d2b486b516c109642d453ee08e00c", [:mix], []},
  "distillery": {:hex, :distillery, "0.10.1", "14fccade4b8ab849b99e21c4bdfaa1092dbacdce8afd33f5c369c6e114385b0e", [:mix], []},
  "ecto": {:hex, :ecto, "2.0.5", "7f4c79ac41ffba1a4c032b69d7045489f0069c256de606523c65d9f8188e502d", [:mix], [{:db_connection, "~> 1.0-rc.4", [hex: :db_connection, optional: true]}, {:decimal, "~> 1.1.2 or ~> 1.2", [hex: :decimal, optional: false]}, {:mariaex, "~> 0.7.7", [hex: :mariaex, optional: true]}, {:poison, "~> 1.5 or ~> 2.0", [hex: :poison, optional: true]}, {:poolboy, "~> 1.5", [hex: :poolboy, optional: false]}, {:postgrex, "~> 0.12.0", [hex: :postgrex, optional: true]}, {:sbroker, "~> 1.0-beta", [hex: :sbroker, optional: true]}]},
  "ex_machina": {:hex, :ex_machina, "0.6.2", "2d25802d269b21ecb3df478c3609f3b162ef6d1c952d75770e0969f8971611de", [:mix], []},
  "fs": {:hex, :fs, "0.9.2", "ed17036c26c3f70ac49781ed9220a50c36775c6ca2cf8182d123b6566e49ec59", [:rebar], []},
  "gen_smtp": {:hex, :gen_smtp, "0.11.0", "d90ff2f021fc86cb2a4259b1f2b177ab6e506676265e26454bf5755855adc956", [:rebar3], []},
  "gettext": {:hex, :gettext, "0.11.0", "80c1dd42d270482418fa158ec5ba073d2980e3718bacad86f3d4ad71d5667679", [:mix], []},
  "hackney": {:hex, :hackney, "1.6.1", "ddd22d42db2b50e6a155439c8811b8f6df61a4395de10509714ad2751c6da817", [:rebar3], [{:certifi, "0.4.0", [hex: :certifi, optional: false]}, {:idna, "1.2.0", [hex: :idna, optional: false]}, {:metrics, "1.0.1", [hex: :metrics, optional: false]}, {:mimerl, "1.0.2", [hex: :mimerl, optional: false]}, {:ssl_verify_fun, "1.1.0", [hex: :ssl_verify_fun, optional: false]}]},
  "httpoison": {:hex, :httpoison, "0.9.1", "6c2b4eaf2588a6f3ef29663d28c992531ca3f0bc832a97e0359bc822978e1c5d", [:mix], [{:hackney, "~> 1.6.0", [hex: :hackney, optional: false]}]},
  "idna": {:hex, :idna, "1.2.0", "ac62ee99da068f43c50dc69acf700e03a62a348360126260e87f2b54eced86b2", [:rebar3], []},
  "mariaex": {:hex, :mariaex, "0.7.8", "77bcc9e898a7f2231022ac0112f2832158d289fa3ef1e0020ceb61d00403134c", [:mix], [{:db_connection, "~> 1.0.0-rc", [hex: :db_connection, optional: false]}, {:decimal, "~> 1.0", [hex: :decimal, optional: false]}]},
  "metrics": {:hex, :metrics, "1.0.1", "25f094dea2cda98213cecc3aeff09e940299d950904393b2a29d191c346a8486", [:rebar3], []},
  "mime": {:hex, :mime, "1.0.1", "05c393850524767d13a53627df71beeebb016205eb43bfbd92d14d24ec7a1b51", [:mix], []},
  "mimerl": {:hex, :mimerl, "1.0.2", "993f9b0e084083405ed8252b99460c4f0563e41729ab42d9074fd5e52439be88", [:rebar3], []},
  "phoenix": {:hex, :phoenix, "1.2.1", "6dc592249ab73c67575769765b66ad164ad25d83defa3492dc6ae269bd2a68ab", [:mix], [{:cowboy, "~> 1.0", [hex: :cowboy, optional: true]}, {:phoenix_pubsub, "~> 1.0", [hex: :phoenix_pubsub, optional: false]}, {:plug, "~> 1.1", [hex: :plug, optional: false]}, {:poison, "~> 1.5 or ~> 2.0", [hex: :poison, optional: false]}]},
  "phoenix_ecto": {:hex, :phoenix_ecto, "3.0.1", "42eb486ef732cf209d0a353e791806721f33ff40beab0a86f02070a5649ed00a", [:mix], [{:ecto, "~> 2.0", [hex: :ecto, optional: false]}, {:phoenix_html, "~> 2.6", [hex: :phoenix_html, optional: true]}, {:plug, "~> 1.0", [hex: :plug, optional: false]}]},
  "phoenix_html": {:hex, :phoenix_html, "2.8.0", "777598a4b6609ad6ab8b180f7b25c9af2904644e488922bb9b9b03ce988d20b1", [:mix], [{:plug, "~> 1.0", [hex: :plug, optional: false]}]},
  "phoenix_html_simplified_helpers": {:hex, :phoenix_html_simplified_helpers, "0.6.0", "177c6add5e82a5bbf53d476c03d2fdea269ae9eb2483053b951b5b85b9a85890", [:mix], [{:ecto, "~> 1.1 or ~> 2.0", [hex: :ecto, optional: false]}, {:gettext, "~> 0.10 or ~> 0.11", [hex: :gettext, optional: false]}, {:timex, "~> 2.1 or ~> 2.2", [hex: :timex, optional: false]}, {:timex_ecto, "~> 1.0 or ~> 1.1 ", [hex: :timex_ecto, optional: false]}]},
  "phoenix_live_reload": {:hex, :phoenix_live_reload, "1.0.5", "829218c4152ba1e9848e2bf8e161fcde6b4ec679a516259442561d21fde68d0b", [:mix], [{:fs, "~> 0.9.1", [hex: :fs, optional: false]}, {:phoenix, "~> 1.0 or ~> 1.2-rc", [hex: :phoenix, optional: false]}]},
  "phoenix_pubsub": {:hex, :phoenix_pubsub, "1.0.0", "c31af4be22afeeebfaf246592778c8c840e5a1ddc7ca87610c41ccfb160c2c57", [:mix], []},
  "plug": {:hex, :plug, "1.2.2", "cfbda521b54c92ab8ddffb173fbaabed8d8fc94bec07cd9bb58a84c1c501b0bd", [:mix], [{:cowboy, "~> 1.0", [hex: :cowboy, optional: true]}, {:mime, "~> 1.0", [hex: :mime, optional: false]}]},
  "poison": {:hex, :poison, "2.2.0", "4763b69a8a77bd77d26f477d196428b741261a761257ff1cf92753a0d4d24a63", [:mix], []},
  "poolboy": {:hex, :poolboy, "1.5.1", "6b46163901cfd0a1b43d692657ed9d7e599853b3b21b95ae5ae0a777cf9b6ca8", [:rebar], []},
  "postgrex": {:hex, :postgrex, "0.11.2", "139755c1359d3c5c6d6e8b1ea72556d39e2746f61c6ddfb442813c91f53487e8", [:mix], [{:connection, "~> 1.0", [hex: :connection, optional: false]}, {:db_connection, "~> 1.0-rc", [hex: :db_connection, optional: false]}, {:decimal, "~> 1.0", [hex: :decimal, optional: false]}]},
  "ranch": {:hex, :ranch, "1.2.1", "a6fb992c10f2187b46ffd17ce398ddf8a54f691b81768f9ef5f461ea7e28c762", [:make], []},
  "slugger": {:hex, :slugger, "0.1.0", "04a0f2da7e0770d41eb15e166aa2b1f8fcd26a80f43ed96d56b1b1d4bc5075df", [:mix], []},
  "ssl_verify_fun": {:hex, :ssl_verify_fun, "1.1.0", "edee20847c42e379bf91261db474ffbe373f8acb56e9079acb6038d4e0bf414f", [:make, :rebar], []},
  "the_fuzz": {:hex, :the_fuzz, "0.3.0", "39fd4599080d1250b95708912609874fc86c5895f24d960a1748c67b1ac8a840", [:mix], []},
  "timex": {:hex, :timex, "2.2.1", "0d69012a7fd69f4cbdaa00cc5f2a5f30f1bed56072fb362ed4bddf60db343022", [:mix], [{:combine, "~> 0.7", [hex: :combine, optional: false]}, {:gettext, "~> 0.10", [hex: :gettext, optional: false]}, {:tzdata, "~> 0.1.8 or ~> 0.5", [hex: :tzdata, optional: false]}]},
  "timex_ecto": {:hex, :timex_ecto, "1.1.3", "7a53a0781db7b15de604ffe244c7ed5347bdbf6ce045f6a8fc492f4994a1e32b", [:mix], [{:ecto, "~> 1.1 or ~> 2.0 or ~> 2.0.0-rc3", [hex: :ecto, optional: false]}, {:timex, "~> 2.1", [hex: :timex, optional: false]}]},
  "tzdata": {:hex, :tzdata, "0.5.9", "575be217b039057a47e133b72838cbe104fb5329b19906ea4e66857001c37edb", [:mix], [{:hackney, "~> 1.0", [hex: :hackney, optional: false]}]},
  "word_smith": {:hex, :word_smith, "0.1.2", "9eae7d66527a7a583efadfbc292aa87e016f7ae917e2d1766b01b137ca810825", [:mix], []}}
