%{"arc": {:hex, :arc, "0.5.3", "2bc1b4ce8c1064ae12015f5612f3e3853d354859905bb34088b3579bf34a519d", [:mix], [{:ex_aws, "~> 0.4.10 or ~> 0.5.0", [hex: :ex_aws, optional: true]}, {:httpoison, "~> 0.7", [hex: :httpoison, optional: true]}, {:poison, "~> 1.2 or ~> 2.0", [hex: :poison, optional: true]}]},
  "arc_ecto": {:hex, :arc_ecto, "0.3.2", "8893135fe4d5cf9b2a6aeb0e17bedd5c6f7ad5d89f760995805451c859bf8f89", [:mix], [{:arc, "~> 0.2", [hex: :arc, optional: false]}, {:ecto, ">= 0.10.0", [hex: :ecto, optional: false]}]},
  "bamboo": {:hex, :bamboo, "0.6.0", "a8f3775018fcf0c181d2e5df0138b15201bdbe54b3cb502489c1dda2ef4a7388", [:mix], [{:httpoison, "~> 0.8", [hex: :httpoison, optional: false]}, {:plug, "~> 1.0", [hex: :plug, optional: false]}, {:poison, ">= 1.5.0", [hex: :poison, optional: false]}]},
  "bamboo_smtp": {:hex, :bamboo_smtp, "1.1.0", "749c4219542c8f8ee1ae150f83cb9dcb4f6cb74997ac0018a27a2a0ee0bd386c", [:mix], [{:bamboo, "~> 0.6.0", [hex: :bamboo, optional: false]}, {:gen_smtp, "~> 0.11.0", [hex: :gen_smtp, optional: false]}]},
  "certifi": {:hex, :certifi, "0.4.0", "a7966efb868b179023618d29a407548f70c52466bf1849b9e8ebd0e34b7ea11f", [:rebar3], []},
  "combine": {:hex, :combine, "0.9.1", "5fd778ee77032ae593bf79aedb8519d9e36283e4f869abd98c2d6029ca476db8", [:mix], []},
  "connection": {:hex, :connection, "1.0.3", "3145f7416be3df248a4935f24e3221dc467c1e3a158d62015b35bd54da365786", [:mix], []},
  "cowboy": {:hex, :cowboy, "1.0.4", "a324a8df9f2316c833a470d918aaf73ae894278b8aa6226ce7a9bf699388f878", [:rebar, :make], [{:cowlib, "~> 1.0.0", [hex: :cowlib, optional: false]}, {:ranch, "~> 1.0", [hex: :ranch, optional: false]}]},
  "cowlib": {:hex, :cowlib, "1.0.2", "9d769a1d062c9c3ac753096f868ca121e2730b9a377de23dec0f7e08b1df84ee", [:make], []},
  "db_connection": {:hex, :db_connection, "1.0.0-rc.3", "d9ceb670fe300271140af46d357b669983cd16bc0d01206d7d3222dde56cf038", [:mix], [{:connection, "~> 1.0.2", [hex: :connection, optional: false]}, {:poolboy, "~> 1.5", [hex: :poolboy, optional: true]}, {:sbroker, "~> 1.0.0-beta.3", [hex: :sbroker, optional: true]}]},
  "decimal": {:hex, :decimal, "1.1.2", "79a769d4657b2d537b51ef3c02d29ab7141d2b486b516c109642d453ee08e00c", [:mix], []},
  "earmark": {:hex, :earmark, "1.0.1", "2c2cd903bfdc3de3f189bd9a8d4569a075b88a8981ded9a0d95672f6e2b63141", [:mix], []},
  "ecto": {:hex, :ecto, "1.1.8", "0f0348e678fa5a450c266d69816808f97fbd82ade32cf88d4b09bbe8f8c27545", [:mix], [{:decimal, "~> 1.0", [hex: :decimal, optional: false]}, {:mariaex, "~> 0.5.0 or ~> 0.6.0", [hex: :mariaex, optional: true]}, {:poison, "~> 1.0 or ~> 2.0", [hex: :poison, optional: true]}, {:poolboy, "~> 1.4", [hex: :poolboy, optional: false]}, {:postgrex, "~> 0.11.0", [hex: :postgrex, optional: true]}, {:sbroker, "~> 0.7", [hex: :sbroker, optional: true]}]},
  "eiconv": {:git, "https://github.com/zotonic/eiconv.git", "644fb5e7bd6640fbd073f4d28957914ea979aea0", []},
  "ex_doc": {:hex, :ex_doc, "0.13.0", "aa2f8fe4c6136a2f7cfc0a7e06805f82530e91df00e2bff4b4362002b43ada65", [:mix], [{:earmark, "~> 1.0", [hex: :earmark, optional: false]}]},
  "ex_machina": {:hex, :ex_machina, "0.6.1", "677120042987c6a0277ac4cfb1b6e4a0e1774122a0d9fd319ba0630d16fd770f", [:mix], []},
  "fs": {:hex, :fs, "0.9.2", "ed17036c26c3f70ac49781ed9220a50c36775c6ca2cf8182d123b6566e49ec59", [:rebar], []},
  "gen_smtp": {:hex, :gen_smtp, "0.11.0", "d90ff2f021fc86cb2a4259b1f2b177ab6e506676265e26454bf5755855adc956", [:rebar3], []},
  "gettext": {:hex, :gettext, "0.11.0", "80c1dd42d270482418fa158ec5ba073d2980e3718bacad86f3d4ad71d5667679", [:mix], []},
  "hackney": {:hex, :hackney, "1.6.0", "8d1e9440c9edf23bf5e5e2fe0c71de03eb265103b72901337394c840eec679ac", [:rebar3], [{:certifi, "0.4.0", [hex: :certifi, optional: false]}, {:idna, "1.2.0", [hex: :idna, optional: false]}, {:metrics, "1.0.1", [hex: :metrics, optional: false]}, {:mimerl, "1.0.2", [hex: :mimerl, optional: false]}, {:ssl_verify_fun, "1.1.0", [hex: :ssl_verify_fun, optional: false]}]},
  "httpoison": {:hex, :httpoison, "0.9.0", "68187a2daddfabbe7ca8f7d75ef227f89f0e1507f7eecb67e4536b3c516faddb", [:mix], [{:hackney, "~> 1.6.0", [hex: :hackney, optional: false]}]},
  "idna": {:hex, :idna, "1.2.0", "ac62ee99da068f43c50dc69acf700e03a62a348360126260e87f2b54eced86b2", [:rebar3], []},
  "mailman": {:hex, :mailman, "0.1.2", "0d8cc35ce9d10dcdc6f0b13081e6d309388e761b51f12d5ca4dc0ceff7085386", [:mix], [{:earmark, ">= 0.0.0", [hex: :earmark, optional: false]}, {:ex_doc, ">= 0.6.0", [hex: :ex_doc, optional: false]}, {:gen_smtp, ">= 0.9.0", [hex: :gen_smtp, optional: false]}]},
  "mariaex": {:hex, :mariaex, "0.6.5", "7f17fe274151554f33ff0c3778f447f05fe81c2fcff7a1e843233b1225546287", [:mix], [{:decimal, "~> 1.0", [hex: :decimal, optional: false]}, {:connection, "~> 1.0.0", [hex: :connection, optional: false]}]},
  "metrics": {:hex, :metrics, "1.0.1", "25f094dea2cda98213cecc3aeff09e940299d950904393b2a29d191c346a8486", [:rebar3], []},
  "mimerl": {:hex, :mimerl, "1.0.2", "993f9b0e084083405ed8252b99460c4f0563e41729ab42d9074fd5e52439be88", [:rebar3], []},
  "phoenix": {:hex, :phoenix, "1.1.6", "7bf19002669c8f692f5a9c8d30dab7b49f3dc56228d5bde92a12fb426b4783c2", [:mix], [{:cowboy, "~> 1.0", [hex: :cowboy, optional: true]}, {:plug, "~> 1.0", [hex: :plug, optional: false]}, {:poison, "~> 1.5 or ~> 2.0", [hex: :poison, optional: false]}]},
  "phoenix_ecto": {:hex, :phoenix_ecto, "2.0.2", "1aff51d1cd21cc39d7891cae2284399cbf4b8e32fb7864e68f5d272d2934e48a", [:mix], [{:ecto, "~> 1.1.2", [hex: :ecto, optional: false]}, {:phoenix_html, "~> 2.2", [hex: :phoenix_html, optional: true]}, {:poison, "~> 1.3 or ~> 2.0", [hex: :poison, optional: true]}]},
  "phoenix_html": {:hex, :phoenix_html, "2.6.0", "b9f7e091eb3d908586d9634596478fb9e577ee033d76f4ff327a745569bdd2d8", [:mix], [{:plug, "~> 0.13 or ~> 1.0", [hex: :plug, optional: false]}]},
  "phoenix_html_simplified_helpers": {:hex, :phoenix_html_simplified_helpers, "0.3.3", "fd304fa464f9080140cadbc65e2082493dcbb31f2ba9cb5bbbd57199b084e7f3", [:mix], [{:ecto, "~> 1.1", [hex: :ecto, optional: false]}, {:gettext, "~> 0.10", [hex: :gettext, optional: false]}, {:timex, "~> 2.1", [hex: :timex, optional: false]}, {:timex_ecto, "~> 1.0", [hex: :timex_ecto, optional: false]}]},
  "phoenix_live_reload": {:hex, :phoenix_live_reload, "1.0.5", "829218c4152ba1e9848e2bf8e161fcde6b4ec679a516259442561d21fde68d0b", [:mix], [{:fs, "~> 0.9.1", [hex: :fs, optional: false]}, {:phoenix, "~> 1.0 or ~> 1.2-rc", [hex: :phoenix, optional: false]}]},
  "plug": {:hex, :plug, "1.1.6", "8927e4028433fcb859e000b9389ee9c37c80eb28378eeeea31b0273350bf668b", [:mix], [{:cowboy, "~> 1.0", [hex: :cowboy, optional: true]}]},
  "poison": {:hex, :poison, "2.2.0", "4763b69a8a77bd77d26f477d196428b741261a761257ff1cf92753a0d4d24a63", [:mix], []},
  "poolboy": {:hex, :poolboy, "1.5.1", "6b46163901cfd0a1b43d692657ed9d7e599853b3b21b95ae5ae0a777cf9b6ca8", [:rebar], []},
  "postgrex": {:hex, :postgrex, "0.11.2", "139755c1359d3c5c6d6e8b1ea72556d39e2746f61c6ddfb442813c91f53487e8", [:mix], [{:connection, "~> 1.0", [hex: :connection, optional: false]}, {:db_connection, "~> 1.0-rc", [hex: :db_connection, optional: false]}, {:decimal, "~> 1.0", [hex: :decimal, optional: false]}]},
  "ranch": {:hex, :ranch, "1.2.1", "a6fb992c10f2187b46ffd17ce398ddf8a54f691b81768f9ef5f461ea7e28c762", [:make], []},
  "ssl_verify_fun": {:hex, :ssl_verify_fun, "1.1.0", "edee20847c42e379bf91261db474ffbe373f8acb56e9079acb6038d4e0bf414f", [:rebar, :make], []},
  "timex": {:hex, :timex, "2.2.1", "0d69012a7fd69f4cbdaa00cc5f2a5f30f1bed56072fb362ed4bddf60db343022", [:mix], [{:combine, "~> 0.7", [hex: :combine, optional: false]}, {:gettext, "~> 0.10", [hex: :gettext, optional: false]}, {:tzdata, "~> 0.1.8 or ~> 0.5", [hex: :tzdata, optional: false]}]},
  "timex_ecto": {:hex, :timex_ecto, "1.1.3", "7a53a0781db7b15de604ffe244c7ed5347bdbf6ce045f6a8fc492f4994a1e32b", [:mix], [{:ecto, "~> 1.1 or ~> 2.0 or ~> 2.0.0-rc3", [hex: :ecto, optional: false]}, {:timex, "~> 2.1", [hex: :timex, optional: false]}]},
  "tzdata": {:hex, :tzdata, "0.5.8", "a4ffe564783c6519e4df230a5d0e1cf44b7db7f576bcae76d05540b5da5b6143", [:mix], [{:hackney, "~> 1.0", [hex: :hackney, optional: false]}]}}
