%{"arc": {:hex, :arc, "0.5.2", "bae4e9a37a4c6c70eb85486da43dcf39e1672dcf852577ddbba3b8e528a798a6", [:mix], [{:poison, "~> 1.2", [hex: :poison, optional: true]}, {:httpoison, "~> 0.7", [hex: :httpoison, optional: true]}, {:ex_aws, "~> 0.4.10", [hex: :ex_aws, optional: true]}]},
  "arc_ecto": {:hex, :arc_ecto, "0.3.2", "8893135fe4d5cf9b2a6aeb0e17bedd5c6f7ad5d89f760995805451c859bf8f89", [:mix], [{:ecto, ">= 0.10.0", [hex: :ecto, optional: false]}, {:arc, "~> 0.2", [hex: :arc, optional: false]}]},
  "connection": {:hex, :connection, "1.0.2", "f4a06dd3ecae4141aa66f94ce92ea4c4b8753069472814932f1cadbc3078ab80", [:mix], []},
  "cowboy": {:hex, :cowboy, "1.0.4", "a324a8df9f2316c833a470d918aaf73ae894278b8aa6226ce7a9bf699388f878", [:rebar, :make], [{:cowlib, "~> 1.0.0", [hex: :cowlib, optional: false]}, {:ranch, "~> 1.0", [hex: :ranch, optional: false]}]},
  "cowlib": {:hex, :cowlib, "1.0.2", "9d769a1d062c9c3ac753096f868ca121e2730b9a377de23dec0f7e08b1df84ee", [:make], []},
  "decimal": {:hex, :decimal, "1.1.2", "79a769d4657b2d537b51ef3c02d29ab7141d2b486b516c109642d453ee08e00c", [:mix], []},
  "ecto": {:hex, :ecto, "1.1.5", "5c181b737a650117466b0540aa323198a0fb9d518e52718ac2c299f4047187e1", [:mix], [{:sbroker, "~> 0.7", [hex: :sbroker, optional: true]}, {:postgrex, "~> 0.11.0", [hex: :postgrex, optional: true]}, {:poolboy, "~> 1.4", [hex: :poolboy, optional: false]}, {:poison, "~> 1.0", [hex: :poison, optional: true]}, {:mariaex, "~> 0.5.0 or ~> 0.6.0", [hex: :mariaex, optional: true]}, {:decimal, "~> 1.0", [hex: :decimal, optional: false]}]},
  "ecto_gettext": {:hex, :ecto_gettext, "0.1.6"},
  "ex_machina": {:hex, :ex_machina, "0.6.1", "677120042987c6a0277ac4cfb1b6e4a0e1774122a0d9fd319ba0630d16fd770f", [:mix], []},
  "fs": {:hex, :fs, "0.9.2", "ed17036c26c3f70ac49781ed9220a50c36775c6ca2cf8182d123b6566e49ec59", [:rebar], []},
  "gettext": {:hex, :gettext, "0.11.0", "80c1dd42d270482418fa158ec5ba073d2980e3718bacad86f3d4ad71d5667679", [:mix], []},
  "mariaex": {:hex, :mariaex, "0.6.5", "7f17fe274151554f33ff0c3778f447f05fe81c2fcff7a1e843233b1225546287", [:mix], [{:decimal, "~> 1.0", [hex: :decimal, optional: false]}, {:connection, "~> 1.0.0", [hex: :connection, optional: false]}]},
  "phoenix": {:hex, :phoenix, "1.1.4", "65809fba92eb94377372a5fb5a561197654bb8406e773cc47ca1a031bbe58019", [:mix], [{:poison, "~> 1.5 or ~> 2.0", [hex: :poison, optional: false]}, {:plug, "~> 1.0", [hex: :plug, optional: false]}, {:cowboy, "~> 1.0", [hex: :cowboy, optional: true]}]},
  "phoenix_ecto": {:hex, :phoenix_ecto, "2.0.1", "24532a443b1686150fd14819a4a366eccf41135da2a2ed6ae2f78597828ecb0a", [:mix], [{:poison, "~> 1.3", [hex: :poison, optional: true]}, {:phoenix_html, "~> 2.2", [hex: :phoenix_html, optional: true]}, {:ecto, "~> 1.1.2", [hex: :ecto, optional: false]}]},
  "phoenix_html": {:hex, :phoenix_html, "2.5.1", "631053f9e345fecb5c87d9e0ccd807f7266d27e2ee4269817067af425fd81ba8", [:mix], [{:plug, "~> 0.13 or ~> 1.0", [hex: :plug, optional: false]}]},
  "phoenix_live_reload": {:hex, :phoenix_live_reload, "1.0.3", "262ed58c69174ae4f081725e03a072d0b48e6100248c0cbcd5df5e5fd4b212b6", [:mix], [{:phoenix, "~> 0.16 or ~> 1.0", [hex: :phoenix, optional: false]}, {:fs, "~> 0.9.1", [hex: :fs, optional: false]}]},
  "plug": {:hex, :plug, "1.1.4", "2eee0e85ad420db96e075b3191d3764d6fff61422b101dc5b02e9cce99cacfc7", [:mix], [{:cowboy, "~> 1.0", [hex: :cowboy, optional: true]}]},
  "poison": {:hex, :poison, "1.5.2", "560bdfb7449e3ddd23a096929fb9fc2122f709bcc758b2d5d5a5c7d0ea848910", [:mix], []},
  "poolboy": {:hex, :poolboy, "1.5.1", "6b46163901cfd0a1b43d692657ed9d7e599853b3b21b95ae5ae0a777cf9b6ca8", [:rebar], []},
  "ranch": {:hex, :ranch, "1.2.1", "a6fb992c10f2187b46ffd17ce398ddf8a54f691b81768f9ef5f461ea7e28c762", [:make], []}}
